
Microsoft Visual Studio Solution File, Format Version 12.00
# Visual Studio Version 17
VisualStudioVersion = 17.7.34221.43
MinimumVisualStudioVersion = 10.0.40219.1
Project("{9A19103F-16F7-4668-BE54-9A1E7A4F7556}") = "EventManagement", "EventManagement\EventManagement.csproj", "{9B71517A-D771-4516-8B5F-955205FE4B74}"
EndProject
Project("{FAE04EC0-301F-11D3-BF4B-00C04F79EFBC}") = "UnitTests.tests", "UnitTests.tests\UnitTests.tests.csproj", "{16883B47-EB59-4C45-92AE-D66FCB3183E5}"
EndProject
Global
	GlobalSection(SolutionConfigurationPlatforms) = preSolution
		Debug|Any CPU = Debug|Any CPU
		Release|Any CPU = Release|Any CPU
	EndGlobalSection
	GlobalSection(ProjectConfigurationPlatforms) = postSolution
		{9B71517A-D771-4516-8B5F-955205FE4B74}.Debug|Any CPU.ActiveCfg = Debug|Any CPU
		{9B71517A-D771-4516-8B5F-955205FE4B74}.Debug|Any CPU.Build.0 = Debug|Any CPU
		{9B71517A-D771-4516-8B5F-955205FE4B74}.Release|Any CPU.ActiveCfg = Release|Any CPU
		{9B71517A-D771-4516-8B5F-955205FE4B74}.Release|Any CPU.Build.0 = Release|Any CPU
		{16883B47-EB59-4C45-92AE-D66FCB3183E5}.Debug|Any CPU.ActiveCfg = Debug|Any CPU
		{16883B47-EB59-4C45-92AE-D66FCB3183E5}.Debug|Any CPU.Build.0 = Debug|Any CPU
		{16883B47-EB59-4C45-92AE-D66FCB3183E5}.Release|Any CPU.ActiveCfg = Release|Any CPU
		{16883B47-EB59-4C45-92AE-D66FCB3183E5}.Release|Any CPU.Build.0 = Release|Any CPU
	EndGlobalSection
	GlobalSection(SolutionProperties) = preSolution
		HideSolutionNode = FALSE
	EndGlobalSection
	GlobalSection(ExtensibilityGlobals) = postSolution
		SolutionGuid = {53E3E137-873E-48EA-9C22-DD4FB609E7E5}
	EndGlobalSection
EndGlobal
